{
  "version": 4,
  "terraform_version": "0.12.28",
  "serial": 424,
  "lineage": "ca70c447-c676-43da-d204-25db219e3a75",
  "outputs": {},
  "resources": [
    {
      "module": "module.network",
      "mode": "managed",
      "type": "aws_internet_gateway",
      "name": "example",
      "provider": "provider.aws",
      "instances": [
        {
          "schema_version": 0,
          "attributes": {
            "arn": "arn:aws:ec2:ap-northeast-1:017303550736:internet-gateway/igw-052f43783a4576d5a",
            "id": "igw-052f43783a4576d5a",
            "owner_id": "017303550736",
            "tags": {},
            "vpc_id": "vpc-072f91734ce1bbedc"
          }
        }
      ]
    },
    {
      "module": "module.load_balancer",
      "mode": "managed",
      "type": "aws_lb",
      "name": "example",
      "provider": "provider.aws",
      "instances": [
        {
          "schema_version": 0,
          "attributes": {
            "access_logs": [
              {
                "bucket": "alb-log-pragmatic-terraform-sanada-tf",
                "enabled": true,
                "prefix": ""
              }
            ],
            "arn": "arn:aws:elasticloadbalancing:ap-northeast-1:017303550736:loadbalancer/app/example/741688b0e2c68905",
            "arn_suffix": "app/example/741688b0e2c68905",
            "dns_name": "example-1778074677.ap-northeast-1.elb.amazonaws.com",
            "drop_invalid_header_fields": false,
            "enable_cross_zone_load_balancing": null,
            "enable_deletion_protection": true,
            "enable_http2": true,
            "id": "arn:aws:elasticloadbalancing:ap-northeast-1:017303550736:loadbalancer/app/example/741688b0e2c68905",
            "idle_timeout": 60,
            "internal": false,
            "ip_address_type": "ipv4",
            "load_balancer_type": "application",
            "name": "example",
            "name_prefix": null,
            "security_groups": [
              "sg-01a1caef8ba621c4f",
              "sg-0ca842f2f845fd0fe",
              "sg-0e4e55235ffde681d"
            ],
            "subnet_mapping": [
              {
                "allocation_id": "",
                "private_ipv4_address": "",
                "subnet_id": "subnet-010a239cd1df64ed5"
              },
              {
                "allocation_id": "",
                "private_ipv4_address": "",
                "subnet_id": "subnet-0817deef12f3a40a2"
              }
            ],
            "subnets": [
              "subnet-010a239cd1df64ed5",
              "subnet-0817deef12f3a40a2"
            ],
            "tags": {},
            "timeouts": null,
            "vpc_id": "vpc-072f91734ce1bbedc",
            "zone_id": "Z14GRHDCWA56QT"
          }
        }
      ]
    },
    {
      "module": "module.s3",
      "mode": "managed",
      "type": "aws_s3_bucket",
      "name": "alb_log",
      "provider": "provider.aws",
      "instances": [
        {
          "schema_version": 0,
          "attributes": {
            "acceleration_status": "",
            "acl": "private",
            "arn": "arn:aws:s3:::alb-log-pragmatic-terraform-sanada-tf",
            "bucket": "alb-log-pragmatic-terraform-sanada-tf",
            "bucket_domain_name": "alb-log-pragmatic-terraform-sanada-tf.s3.amazonaws.com",
            "bucket_prefix": null,
            "bucket_regional_domain_name": "alb-log-pragmatic-terraform-sanada-tf.s3.ap-northeast-1.amazonaws.com",
            "cors_rule": [],
            "force_destroy": true,
            "grant": [],
            "hosted_zone_id": "Z2M4EHUR26P7ZW",
            "id": "alb-log-pragmatic-terraform-sanada-tf",
            "lifecycle_rule": [
              {
                "abort_incomplete_multipart_upload_days": 0,
                "enabled": true,
                "expiration": [
                  {
                    "date": "",
                    "days": 180,
                    "expired_object_delete_marker": false
                  }
                ],
                "id": "tf-s3-lifecycle-20200905123443679600000001",
                "noncurrent_version_expiration": [],
                "noncurrent_version_transition": [],
                "prefix": "",
                "tags": {},
                "transition": []
              }
            ],
            "logging": [],
            "object_lock_configuration": [],
            "policy": null,
            "region": "ap-northeast-1",
            "replication_configuration": [],
            "request_payer": "BucketOwner",
            "server_side_encryption_configuration": [],
            "tags": {},
            "versioning": [
              {
                "enabled": false,
                "mfa_delete": false
              }
            ],
            "website": [],
            "website_domain": null,
            "website_endpoint": null
          },
          "private": "bnVsbA=="
        }
      ]
    },
    {
      "module": "module.http_sg",
      "mode": "managed",
      "type": "aws_security_group",
      "name": "default",
      "provider": "provider.aws",
      "instances": [
        {
          "schema_version": 1,
          "attributes": {
            "arn": "arn:aws:ec2:ap-northeast-1:017303550736:security-group/sg-0e4e55235ffde681d",
            "description": "Managed by Terraform",
            "egress": [],
            "id": "sg-0e4e55235ffde681d",
            "ingress": [],
            "name": "http-sg",
            "name_prefix": "",
            "owner_id": "017303550736",
            "revoke_rules_on_delete": false,
            "tags": {},
            "timeouts": null,
            "vpc_id": "vpc-072f91734ce1bbedc"
          },
          "private": "eyJlMmJmYjczMC1lY2FhLTExZTYtOGY4OC0zNDM2M2JjN2M0YzAiOnsiY3JlYXRlIjo2MDAwMDAwMDAwMDAsImRlbGV0ZSI6NjAwMDAwMDAwMDAwfSwic2NoZW1hX3ZlcnNpb24iOiIxIn0=",
          "dependencies": [
            "module.network.aws_vpc.example"
          ]
        }
      ]
    },
    {
      "module": "module.https_sg",
      "mode": "managed",
      "type": "aws_security_group",
      "name": "default",
      "provider": "provider.aws",
      "instances": [
        {
          "schema_version": 1,
          "attributes": {
            "arn": "arn:aws:ec2:ap-northeast-1:017303550736:security-group/sg-0ca842f2f845fd0fe",
            "description": "Managed by Terraform",
            "egress": [],
            "id": "sg-0ca842f2f845fd0fe",
            "ingress": [],
            "name": "https-sg",
            "name_prefix": "",
            "owner_id": "017303550736",
            "revoke_rules_on_delete": false,
            "tags": {},
            "timeouts": null,
            "vpc_id": "vpc-072f91734ce1bbedc"
          },
          "private": "eyJlMmJmYjczMC1lY2FhLTExZTYtOGY4OC0zNDM2M2JjN2M0YzAiOnsiY3JlYXRlIjo2MDAwMDAwMDAwMDAsImRlbGV0ZSI6NjAwMDAwMDAwMDAwfSwic2NoZW1hX3ZlcnNpb24iOiIxIn0=",
          "dependencies": [
            "module.network.aws_vpc.example"
          ]
        }
      ]
    },
    {
      "module": "module.http_redirect_sg",
      "mode": "managed",
      "type": "aws_security_group",
      "name": "default",
      "provider": "provider.aws",
      "instances": [
        {
          "schema_version": 1,
          "attributes": {
            "arn": "arn:aws:ec2:ap-northeast-1:017303550736:security-group/sg-01a1caef8ba621c4f",
            "description": "Managed by Terraform",
            "egress": [],
            "id": "sg-01a1caef8ba621c4f",
            "ingress": [],
            "name": "http-redirect-sg",
            "name_prefix": "",
            "owner_id": "017303550736",
            "revoke_rules_on_delete": false,
            "tags": {},
            "timeouts": null,
            "vpc_id": "vpc-072f91734ce1bbedc"
          },
          "private": "eyJlMmJmYjczMC1lY2FhLTExZTYtOGY4OC0zNDM2M2JjN2M0YzAiOnsiY3JlYXRlIjo2MDAwMDAwMDAwMDAsImRlbGV0ZSI6NjAwMDAwMDAwMDAwfSwic2NoZW1hX3ZlcnNpb24iOiIxIn0=",
          "dependencies": [
            "module.network.aws_vpc.example"
          ]
        }
      ]
    },
    {
      "module": "module.network",
      "mode": "managed",
      "type": "aws_subnet",
      "name": "public_0",
      "provider": "provider.aws",
      "instances": [
        {
          "schema_version": 1,
          "attributes": {
            "arn": "arn:aws:ec2:ap-northeast-1:017303550736:subnet/subnet-010a239cd1df64ed5",
            "assign_ipv6_address_on_creation": false,
            "availability_zone": "ap-northeast-1a",
            "availability_zone_id": "apne1-az4",
            "cidr_block": "10.0.1.0/24",
            "id": "subnet-010a239cd1df64ed5",
            "ipv6_cidr_block": "",
            "ipv6_cidr_block_association_id": "",
            "map_public_ip_on_launch": true,
            "outpost_arn": "",
            "owner_id": "017303550736",
            "tags": {},
            "timeouts": null,
            "vpc_id": "vpc-072f91734ce1bbedc"
          },
          "private": "eyJlMmJmYjczMC1lY2FhLTExZTYtOGY4OC0zNDM2M2JjN2M0YzAiOnsiY3JlYXRlIjo2MDAwMDAwMDAwMDAsImRlbGV0ZSI6MTIwMDAwMDAwMDAwMH0sInNjaGVtYV92ZXJzaW9uIjoiMSJ9",
          "dependencies": [
            "module.network.aws_vpc.example"
          ]
        }
      ]
    },
    {
      "module": "module.network",
      "mode": "managed",
      "type": "aws_subnet",
      "name": "public_1",
      "provider": "provider.aws",
      "instances": [
        {
          "schema_version": 1,
          "attributes": {
            "arn": "arn:aws:ec2:ap-northeast-1:017303550736:subnet/subnet-0817deef12f3a40a2",
            "assign_ipv6_address_on_creation": false,
            "availability_zone": "ap-northeast-1c",
            "availability_zone_id": "apne1-az1",
            "cidr_block": "10.0.2.0/24",
            "id": "subnet-0817deef12f3a40a2",
            "ipv6_cidr_block": "",
            "ipv6_cidr_block_association_id": "",
            "map_public_ip_on_launch": true,
            "outpost_arn": "",
            "owner_id": "017303550736",
            "tags": {},
            "timeouts": null,
            "vpc_id": "vpc-072f91734ce1bbedc"
          },
          "private": "eyJlMmJmYjczMC1lY2FhLTExZTYtOGY4OC0zNDM2M2JjN2M0YzAiOnsiY3JlYXRlIjo2MDAwMDAwMDAwMDAsImRlbGV0ZSI6MTIwMDAwMDAwMDAwMH0sInNjaGVtYV92ZXJzaW9uIjoiMSJ9",
          "dependencies": [
            "module.network.aws_vpc.example"
          ]
        }
      ]
    },
    {
      "module": "module.network",
      "mode": "managed",
      "type": "aws_vpc",
      "name": "example",
      "provider": "provider.aws",
      "instances": [
        {
          "schema_version": 1,
          "attributes": {
            "arn": "arn:aws:ec2:ap-northeast-1:017303550736:vpc/vpc-072f91734ce1bbedc",
            "assign_generated_ipv6_cidr_block": false,
            "cidr_block": "10.0.0.0/16",
            "default_network_acl_id": "acl-05cbc821fa423f29b",
            "default_route_table_id": "rtb-0ba7bc462a3f7d1bf",
            "default_security_group_id": "sg-0d2b2099ac9abff7a",
            "dhcp_options_id": "dopt-d9e8d5be",
            "enable_classiclink": false,
            "enable_classiclink_dns_support": false,
            "enable_dns_hostnames": true,
            "enable_dns_support": true,
            "id": "vpc-072f91734ce1bbedc",
            "instance_tenancy": "default",
            "ipv6_association_id": "",
            "ipv6_cidr_block": "",
            "main_route_table_id": "rtb-0ba7bc462a3f7d1bf",
            "owner_id": "017303550736",
            "tags": {
              "Name": "example"
            }
          },
          "private": "eyJzY2hlbWFfdmVyc2lvbiI6IjEifQ=="
        }
      ]
    }
  ]
}
